
Microsoft Visual Studio Solution File, Format Version 12.00
# Visual Studio 15
VisualStudioVersion = 15.0.28010.2016
MinimumVisualStudioVersion = 10.0.40219.1
Project("{FAE04EC0-301F-11D3-BF4B-00C04F79EFBC}") = "Ex33-Linkedlist", "Ex33-Linkedlist\Ex33-Linkedlist.csproj", "{B1635AE4-E275-4829-9434-7F8E120A1FFB}"
EndProject
Project("{FAE04EC0-301F-11D3-BF4B-00C04F79EFBC}") = "Adt", "Adt\Adt.csproj", "{7CE340A1-2B54-4583-8E74-9C2791A580EB}"
EndProject
Project("{FAE04EC0-301F-11D3-BF4B-00C04F79EFBC}") = "Test", "Test\Test.csproj", "{A41106E0-06D5-4EF9-8CC3-B16B840962BE}"
EndProject
Global
	GlobalSection(SolutionConfigurationPlatforms) = preSolution
		Debug|Any CPU = Debug|Any CPU
		Release|Any CPU = Release|Any CPU
	EndGlobalSection
	GlobalSection(ProjectConfigurationPlatforms) = postSolution
		{B1635AE4-E275-4829-9434-7F8E120A1FFB}.Debug|Any CPU.ActiveCfg = Debug|Any CPU
		{B1635AE4-E275-4829-9434-7F8E120A1FFB}.Debug|Any CPU.Build.0 = Debug|Any CPU
		{B1635AE4-E275-4829-9434-7F8E120A1FFB}.Release|Any CPU.ActiveCfg = Release|Any CPU
		{B1635AE4-E275-4829-9434-7F8E120A1FFB}.Release|Any CPU.Build.0 = Release|Any CPU
		{7CE340A1-2B54-4583-8E74-9C2791A580EB}.Debug|Any CPU.ActiveCfg = Debug|Any CPU
		{7CE340A1-2B54-4583-8E74-9C2791A580EB}.Debug|Any CPU.Build.0 = Debug|Any CPU
		{7CE340A1-2B54-4583-8E74-9C2791A580EB}.Release|Any CPU.ActiveCfg = Release|Any CPU
		{7CE340A1-2B54-4583-8E74-9C2791A580EB}.Release|Any CPU.Build.0 = Release|Any CPU
		{A41106E0-06D5-4EF9-8CC3-B16B840962BE}.Debug|Any CPU.ActiveCfg = Debug|Any CPU
		{A41106E0-06D5-4EF9-8CC3-B16B840962BE}.Debug|Any CPU.Build.0 = Debug|Any CPU
		{A41106E0-06D5-4EF9-8CC3-B16B840962BE}.Release|Any CPU.ActiveCfg = Release|Any CPU
		{A41106E0-06D5-4EF9-8CC3-B16B840962BE}.Release|Any CPU.Build.0 = Release|Any CPU
	EndGlobalSection
	GlobalSection(SolutionProperties) = preSolution
		HideSolutionNode = FALSE
	EndGlobalSection
	GlobalSection(ExtensibilityGlobals) = postSolution
		SolutionGuid = {A59ABEDB-59BE-4F51-93F1-1806656538B3}
	EndGlobalSection
EndGlobal
